// !$*UTF8*$!
{
	archiveVersion = 1;
	classes = {
	};
	objectVersion = 48;
	objects = {

/* Begin PBXBuildFile section */
		222256D421C829EF00A5F373 /* AllCharsTable.swift in Sources */ = {isa = PBXBuildFile; fileRef = 222256D321C829EF00A5F373 /* AllCharsTable.swift */; };
		22314AC821C6E2DB00443AF3 /* AppDelegate.swift in Sources */ = {isa = PBXBuildFile; fileRef = 22314AC721C6E2DB00443AF3 /* AppDelegate.swift */; };
		22314ACA21C6E2DB00443AF3 /* ViewController.swift in Sources */ = {isa = PBXBuildFile; fileRef = 22314AC921C6E2DB00443AF3 /* ViewController.swift */; };
		22314ACD21C6E2DB00443AF3 /* Main.storyboard in Resources */ = {isa = PBXBuildFile; fileRef = 22314ACB21C6E2DB00443AF3 /* Main.storyboard */; };
		22314ACF21C6E2DB00443AF3 /* Assets.xcassets in Resources */ = {isa = PBXBuildFile; fileRef = 22314ACE21C6E2DB00443AF3 /* Assets.xcassets */; };
		22314AD221C6E2DB00443AF3 /* LaunchScreen.storyboard in Resources */ = {isa = PBXBuildFile; fileRef = 22314AD021C6E2DB00443AF3 /* LaunchScreen.storyboard */; };
		22314ADD21C6E2DB00443AF3 /* LZW_compression_algorithmTests.swift in Sources */ = {isa = PBXBuildFile; fileRef = 22314ADC21C6E2DB00443AF3 /* LZW_compression_algorithmTests.swift */; };
/* End PBXBuildFile section */

/* Begin PBXContainerItemProxy section */
		22314AD921C6E2DB00443AF3 /* PBXContainerItemProxy */ = {
			isa = PBXContainerItemProxy;
			containerPortal = 22314ABC21C6E2DB00443AF3 /* Project object */;
			proxyType = 1;
			remoteGlobalIDString = 22314AC321C6E2DB00443AF3;
			remoteInfo = "LZW compression_algorithm";
		};
/* End PBXContainerItemProxy section */

/* Begin PBXFileReference section */
		222256D321C829EF00A5F373 /* AllCharsTable.swift */ = {isa = PBXFileReference; lastKnownFileType = sourcecode.swift; path = AllCharsTable.swift; sourceTree = "<group>"; };
		22314AC421C6E2DB00443AF3 /* LZW compression_algorithm.app */ = {isa = PBXFileReference; explicitFileType = wrapper.application; includeInIndex = 0; path = "LZW compression_algorithm.app"; sourceTree = BUILT_PRODUCTS_DIR; };
		22314AC721C6E2DB00443AF3 /* AppDelegate.swift */ = {isa = PBXFileReference; lastKnownFileType = sourcecode.swift; path = AppDelegate.swift; sourceTree = "<group>"; };
		22314AC921C6E2DB00443AF3 /* ViewController.swift */ = {isa = PBXFileReference; lastKnownFileType = sourcecode.swift; path = ViewController.swift; sourceTree = "<group>"; };
		22314ACC21C6E2DB00443AF3 /* Base */ = {isa = PBXFileReference; lastKnownFileType = file.storyboard; name = Base; path = Base.lproj/Main.storyboard; sourceTree = "<group>"; };
		22314ACE21C6E2DB00443AF3 /* Assets.xcassets */ = {isa = PBXFileReference; lastKnownFileType = folder.assetcatalog; path = Assets.xcassets; sourceTree = "<group>"; };
		22314AD121C6E2DB00443AF3 /* Base */ = {isa = PBXFileReference; lastKnownFileType = file.storyboard; name = Base; path = Base.lproj/LaunchScreen.storyboard; sourceTree = "<group>"; };
		22314AD321C6E2DB00443AF3 /* Info.plist */ = {isa = PBXFileReference; lastKnownFileType = text.plist.xml; path = Info.plist; sourceTree = "<group>"; };
		22314AD821C6E2DB00443AF3 /* LZW compression_algorithmTests.xctest */ = {isa = PBXFileReference; explicitFileType = wrapper.cfbundle; includeInIndex = 0; path = "LZW compression_algorithmTests.xctest"; sourceTree = BUILT_PRODUCTS_DIR; };
		22314ADC21C6E2DB00443AF3 /* LZW_compression_algorithmTests.swift */ = {isa = PBXFileReference; lastKnownFileType = sourcecode.swift; path = LZW_compression_algorithmTests.swift; sourceTree = "<group>"; };
		22314ADE21C6E2DB00443AF3 /* Info.plist */ = {isa = PBXFileReference; lastKnownFileType = text.plist.xml; path = Info.plist; sourceTree = "<group>"; };
/* End PBXFileReference section */

/* Begin PBXFrameworksBuildPhase section */
		22314AC121C6E2DB00443AF3 /* Frameworks */ = {
			isa = PBXFrameworksBuildPhase;
			buildActionMask = 2147483647;
			files = (
			);
			runOnlyForDeploymentPostprocessing = 0;
		};
		22314AD521C6E2DB00443AF3 /* Frameworks */ = {
			isa = PBXFrameworksBuildPhase;
			buildActionMask = 2147483647;
			files = (
			);
			runOnlyForDeploymentPostprocessing = 0;
		};
/* End PBXFrameworksBuildPhase section */

/* Begin PBXGroup section */
		22314ABB21C6E2DB00443AF3 = {
			isa = PBXGroup;
			children = (
				22314AC621C6E2DB00443AF3 /* LZW compression_algorithm */,
				22314ADB21C6E2DB00443AF3 /* LZW compression_algorithmTests */,
				22314AC521C6E2DB00443AF3 /* Products */,
			);
			sourceTree = "<group>";
		};
		22314AC521C6E2DB00443AF3 /* Products */ = {
			isa = PBXGroup;
			children = (
				22314AC421C6E2DB00443AF3 /* LZW compression_algorithm.app */,
				22314AD821C6E2DB00443AF3 /* LZW compression_algorithmTests.xctest */,
			);
			name = Products;
			sourceTree = "<group>";
		};
		22314AC621C6E2DB00443AF3 /* LZW compression_algorithm */ = {
			isa = PBXGroup;
			children = (
				22314AC721C6E2DB00443AF3 /* AppDelegate.swift */,
				22314AC921C6E2DB00443AF3 /* ViewController.swift */,
				22314ACB21C6E2DB00443AF3 /* Main.storyboard */,
				22314ACE21C6E2DB00443AF3 /* Assets.xcassets */,
				22314AD021C6E2DB00443AF3 /* LaunchScreen.storyboard */,
				22314AD321C6E2DB00443AF3 /* Info.plist */,
				222256D321C829EF00A5F373 /* AllCharsTable.swift */,
			);
			path = "LZW compression_algorithm";
			sourceTree = "<group>";
		};
		22314ADB21C6E2DB00443AF3 /* LZW compression_algorithmTests */ = {
			isa = PBXGroup;
			children = (
				22314ADC21C6E2DB00443AF3 /* LZW_compression_algorithmTests.swift */,
				22314ADE21C6E2DB00443AF3 /* Info.plist */,
			);
			path = "LZW compression_algorithmTests";
			sourceTree = "<group>";
		};
/* End PBXGroup section */

/* Begin PBXNativeTarget section */
		22314AC321C6E2DB00443AF3 /* LZW compression_algorithm */ = {
			isa = PBXNativeTarget;
			buildConfigurationList = 22314AE121C6E2DB00443AF3 /* Build configuration list for PBXNativeTarget "LZW compression_algorithm" */;
			buildPhases = (
				22314AC021C6E2DB00443AF3 /* Sources */,
				22314AC121C6E2DB00443AF3 /* Frameworks */,
				22314AC221C6E2DB00443AF3 /* Resources */,
			);
			buildRules = (
			);
			dependencies = (
			);
			name = "LZW compression_algorithm";
			productName = "LZW compression_algorithm";
			productReference = 22314AC421C6E2DB00443AF3 /* LZW compression_algorithm.app */;
			productType = "com.apple.product-type.application";
		};
		22314AD721C6E2DB00443AF3 /* LZW compression_algorithmTests */ = {
			isa = PBXNativeTarget;
			buildConfigurationList = 22314AE421C6E2DB00443AF3 /* Build configuration list for PBXNativeTarget "LZW compression_algorithmTests" */;
			buildPhases = (
				22314AD421C6E2DB00443AF3 /* Sources */,
				22314AD521C6E2DB00443AF3 /* Frameworks */,
				22314AD621C6E2DB00443AF3 /* Resources */,
			);
			buildRules = (
			);
			dependencies = (
				22314ADA21C6E2DB00443AF3 /* PBXTargetDependency */,
			);
			name = "LZW compression_algorithmTests";
			productName = "LZW compression_algorithmTests";
			productReference = 22314AD821C6E2DB00443AF3 /* LZW compression_algorithmTests.xctest */;
			productType = "com.apple.product-type.bundle.unit-test";
		};
/* End PBXNativeTarget section */

/* Begin PBXProject section */
		22314ABC21C6E2DB00443AF3 /* Project object */ = {
			isa = PBXProject;
			attributes = {
				LastSwiftUpdateCheck = 0900;
				LastUpgradeCheck = 0900;
				ORGANIZATIONNAME = SAM;
				TargetAttributes = {
					22314AC321C6E2DB00443AF3 = {
						CreatedOnToolsVersion = 9.0;
						ProvisioningStyle = Automatic;
					};
					22314AD721C6E2DB00443AF3 = {
						CreatedOnToolsVersion = 9.0;
						ProvisioningStyle = Automatic;
						TestTargetID = 22314AC321C6E2DB00443AF3;
					};
				};
			};
			buildConfigurationList = 22314ABF21C6E2DB00443AF3 /* Build configuration list for PBXProject "LZW compression_algorithm" */;
			compatibilityVersion = "Xcode 8.0";
			developmentRegion = en;
			hasScannedForEncodings = 0;
			knownRegions = (
				en,
				Base,
			);
			mainGroup = 22314ABB21C6E2DB00443AF3;
			productRefGroup = 22314AC521C6E2DB00443AF3 /* Products */;
			projectDirPath = "";
			projectRoot = "";
			targets = (
				22314AC321C6E2DB00443AF3 /* LZW compression_algorithm */,
				22314AD721C6E2DB00443AF3 /* LZW compression_algorithmTests */,
			);
		};
/* End PBXProject section */

/* Begin PBXResourcesBuildPhase section */
		22314AC221C6E2DB00443AF3 /* Resources */ = {
			isa = PBXResourcesBuildPhase;
			buildActionMask = 2147483647;
			files = (
				22314AD221C6E2DB00443AF3 /* LaunchScreen.storyboard in Resources */,
				22314ACF21C6E2DB00443AF3 /* Assets.xcassets in Resources */,
				22314ACD21C6E2DB00443AF3 /* Main.storyboard in Resources */,
			);
			runOnlyForDeploymentPostprocessing = 0;
		};
		22314AD621C6E2DB00443AF3 /* Resources */ = {
			isa = PBXResourcesBuildPhase;
			buildActionMask = 2147483647;
			files = (
			);
			runOnlyForDeploymentPostprocessing = 0;
		};
/* End PBXResourcesBuildPhase section */

/* Begin PBXSourcesBuildPhase section */
		22314AC021C6E2DB00443AF3 /* Sources */ = {
			isa = PBXSourcesBuildPhase;
			buildActionMask = 2147483647;
			files = (
				22314ACA21C6E2DB00443AF3 /* ViewController.swift in Sources */,
				22314AC821C6E2DB00443AF3 /* AppDelegate.swift in Sources */,
				222256D421C829EF00A5F373 /* AllCharsTable.swift in Sources */,
			);
			runOnlyForDeploymentPostprocessing = 0;
		};
		22314AD421C6E2DB00443AF3 /* Sources */ = {
			isa = PBXSourcesBuildPhase;
			buildActionMask = 2147483647;
			files = (
				22314ADD21C6E2DB00443AF3 /* LZW_compression_algorithmTests.swift in Sources */,
			);
			runOnlyForDeploymentPostprocessing = 0;
		};
/* End PBXSourcesBuildPhase section */

/* Begin PBXTargetDependency section */
		22314ADA21C6E2DB00443AF3 /* PBXTargetDependency */ = {
			isa = PBXTargetDependency;
			target = 22314AC321C6E2DB00443AF3 /* LZW compression_algorithm */;
			targetProxy = 22314AD921C6E2DB00443AF3 /* PBXContainerItemProxy */;
		};
/* End PBXTargetDependency section */

/* Begin PBXVariantGroup section */
		22314ACB21C6E2DB00443AF3 /* Main.storyboard */ = {
			isa = PBXVariantGroup;
			children = (
				22314ACC21C6E2DB00443AF3 /* Base */,
			);
			name = Main.storyboard;
			sourceTree = "<group>";
		};
		22314AD021C6E2DB00443AF3 /* LaunchScreen.storyboard */ = {
			isa = PBXVariantGroup;
			children = (
				22314AD121C6E2DB00443AF3 /* Base */,
			);
			name = LaunchScreen.storyboard;
			sourceTree = "<group>";
		};
/* End PBXVariantGroup section */

/* Begin XCBuildConfiguration section */
		22314ADF21C6E2DB00443AF3 /* Debug */ = {
			isa = XCBuildConfiguration;
			buildSettings = {
				ALWAYS_SEARCH_USER_PATHS = NO;
				CLANG_ANALYZER_NONNULL = YES;
				CLANG_ANALYZER_NUMBER_OBJECT_CONVERSION = YES_AGGRESSIVE;
				CLANG_CXX_LANGUAGE_STANDARD = "gnu++14";
				CLANG_CXX_LIBRARY = "libc++";
				CLANG_ENABLE_MODULES = YES;
				CLANG_ENABLE_OBJC_ARC = YES;
				CLANG_WARN_BLOCK_CAPTURE_AUTORELEASING = YES;
				CLANG_WARN_BOOL_CONVERSION = YES;
				CLANG_WARN_COMMA = YES;
				CLANG_WARN_CONSTANT_CONVERSION = YES;
				CLANG_WARN_DIRECT_OBJC_ISA_USAGE = YES_ERROR;
				CLANG_WARN_DOCUMENTATION_COMMENTS = YES;
				CLANG_WARN_EMPTY_BODY = YES;
				CLANG_WARN_ENUM_CONVERSION = YES;
				CLANG_WARN_INFINITE_RECURSION = YES;
				CLANG_WARN_INT_CONVERSION = YES;
				CLANG_WARN_NON_LITERAL_NULL_CONVERSION = YES;
				CLANG_WARN_OBJC_LITERAL_CONVERSION = YES;
				CLANG_WARN_OBJC_ROOT_CLASS = YES_ERROR;
				CLANG_WARN_RANGE_LOOP_ANALYSIS = YES;
				CLANG_WARN_STRICT_PROTOTYPES = YES;
				CLANG_WARN_SUSPICIOUS_MOVE = YES;
				CLANG_WARN_UNGUARDED_AVAILABILITY = YES_AGGRESSIVE;
				CLANG_WARN_UNREACHABLE_CODE = YES;
				CLANG_WARN__DUPLICATE_METHOD_MATCH = YES;
				CODE_SIGN_IDENTITY = "iPhone Developer";
				COPY_PHASE_STRIP = NO;
				DEBUG_INFORMATION_FORMAT = dwarf;
				ENABLE_STRICT_OBJC_MSGSEND = YES;
				ENABLE_TESTABILITY = YES;
				GCC_C_LANGUAGE_STANDARD = gnu11;
				GCC_DYNAMIC_NO_PIC = NO;
				GCC_NO_COMMON_BLOCKS = YES;
				GCC_OPTIMIZATION_LEVEL = 0;
				GCC_PREPROCESSOR_DEFINITIONS = (
					"DEBUG=1",
					"$(inherited)",
				);
				GCC_WARN_64_TO_32_BIT_CONVERSION = YES;
				GCC_WARN_ABOUT_RETURN_TYPE = YES_ERROR;
				GCC_WARN_UNDECLARED_SELECTOR = YES;
				GCC_WARN_UNINITIALIZED_AUTOS = YES_AGGRESSIVE;
				GCC_WARN_UNUSED_FUNCTION = YES;
				GCC_WARN_UNUSED_VARIABLE = YES;
				IPHONEOS_DEPLOYMENT_TARGET = 11.0;
				MTL_ENABLE_DEBUG_INFO = YES;
				ONLY_ACTIVE_ARCH = YES;
				SDKROOT = iphoneos;
				SWIFT_ACTIVE_COMPILATION_CONDITIONS = DEBUG;
				SWIFT_OPTIMIZATION_LEVEL = "-Onone";
			};
			name = Debug;
		};
		22314AE021C6E2DB00443AF3 /* Release */ = {
			isa = XCBuildConfiguration;
			buildSettings = {
				ALWAYS_SEARCH_USER_PATHS = NO;
				CLANG_ANALYZER_NONNULL = YES;
				CLANG_ANALYZER_NUMBER_OBJECT_CONVERSION = YES_AGGRESSIVE;
				CLANG_CXX_LANGUAGE_STANDARD = "gnu++14";
				CLANG_CXX_LIBRARY = "libc++";
				CLANG_ENABLE_MODULES = YES;
				CLANG_ENABLE_OBJC_ARC = YES;
				CLANG_WARN_BLOCK_CAPTURE_AUTORELEASING = YES;
				CLANG_WARN_BOOL_CONVERSION = YES;
				CLANG_WARN_COMMA = YES;
				CLANG_WARN_CONSTANT_CONVERSION = YES;
				CLANG_WARN_DIRECT_OBJC_ISA_USAGE = YES_ERROR;
				CLANG_WARN_DOCUMENTATION_COMMENTS = YES;
				CLANG_WARN_EMPTY_BODY = YES;
				CLANG_WARN_ENUM_CONVERSION = YES;
				CLANG_WARN_INFINITE_RECURSION = YES;
				CLANG_WARN_INT_CONVERSION = YES;
				CLANG_WARN_NON_LITERAL_NULL_CONVERSION = YES;
				CLANG_WARN_OBJC_LITERAL_CONVERSION = YES;
				CLANG_WARN_OBJC_ROOT_CLASS = YES_ERROR;
				CLANG_WARN_RANGE_LOOP_ANALYSIS = YES;
				CLANG_WARN_STRICT_PROTOTYPES = YES;
				CLANG_WARN_SUSPICIOUS_MOVE = YES;
				CLANG_WARN_UNGUARDED_AVAILABILITY = YES_AGGRESSIVE;
				CLANG_WARN_UNREACHABLE_CODE = YES;
				CLANG_WARN__DUPLICATE_METHOD_MATCH = YES;
				CODE_SIGN_IDENTITY = "iPhone Developer";
				COPY_PHASE_STRIP = NO;
				DEBUG_INFORMATION_FORMAT = "dwarf-with-dsym";
				ENABLE_NS_ASSERTIONS = NO;
				ENABLE_STRICT_OBJC_MSGSEND = YES;
				GCC_C_LANGUAGE_STANDARD = gnu11;
				GCC_NO_COMMON_BLOCKS = YES;
				GCC_WARN_64_TO_32_BIT_CONVERSION = YES;
				GCC_WARN_ABOUT_RETURN_TYPE = YES_ERROR;
				GCC_WARN_UNDECLARED_SELECTOR = YES;
				GCC_WARN_UNINITIALIZED_AUTOS = YES_AGGRESSIVE;
				GCC_WARN_UNUSED_FUNCTION = YES;
				GCC_WARN_UNUSED_VARIABLE = YES;
				IPHONEOS_DEPLOYMENT_TARGET = 11.0;
				MTL_ENABLE_DEBUG_INFO = NO;
				SDKROOT = iphoneos;
				SWIFT_OPTIMIZATION_LEVEL = "-Owholemodule";
				VALIDATE_PRODUCT = YES;
			};
			name = Release;
		};
		22314AE221C6E2DB00443AF3 /* Debug */ = {
			isa = XCBuildConfiguration;
			buildSettings = {
				ASSETCATALOG_COMPILER_APPICON_NAME = AppIcon;
				CODE_SIGN_STYLE = Automatic;
				INFOPLIST_FILE = "LZW compression_algorithm/Info.plist";
				LD_RUNPATH_SEARCH_PATHS = "$(inherited) @executable_path/Frameworks";
				PRODUCT_BUNDLE_IDENTIFIER = "-.LZW-compression-algorithm";
				PRODUCT_NAME = "$(TARGET_NAME)";
				SWIFT_VERSION = 4.0;
				TARGETED_DEVICE_FAMILY = "1,2";
			};
			name = Debug;
		};
		22314AE321C6E2DB00443AF3 /* Release */ = {
			isa = XCBuildConfiguration;
			buildSettings = {
				ASSETCATALOG_COMPILER_APPICON_NAME = AppIcon;
				CODE_SIGN_STYLE = Automatic;
				INFOPLIST_FILE = "LZW compression_algorithm/Info.plist";
				LD_RUNPATH_SEARCH_PATHS = "$(inherited) @executable_path/Frameworks";
				PRODUCT_BUNDLE_IDENTIFIER = "-.LZW-compression-algorithm";
				PRODUCT_NAME = "$(TARGET_NAME)";
				SWIFT_VERSION = 4.0;
				TARGETED_DEVICE_FAMILY = "1,2";
			};
			name = Release;
		};
		22314AE521C6E2DB00443AF3 /* Debug */ = {
			isa = XCBuildConfiguration;
			buildSettings = {
				ALWAYS_EMBED_SWIFT_STANDARD_LIBRARIES = YES;
				BUNDLE_LOADER = "$(TEST_HOST)";
				CODE_SIGN_STYLE = Automatic;
				INFOPLIST_FILE = "LZW compression_algorithmTests/Info.plist";
				LD_RUNPATH_SEARCH_PATHS = "$(inherited) @executable_path/Frameworks @loader_path/Frameworks";
				PRODUCT_BUNDLE_IDENTIFIER = "-.LZW-compression-algorithmTests";
				PRODUCT_NAME = "$(TARGET_NAME)";
				SWIFT_VERSION = 4.0;
				TARGETED_DEVICE_FAMILY = "1,2";
				TEST_HOST = "$(BUILT_PRODUCTS_DIR)/LZW compression_algorithm.app/LZW compression_algorithm";
			};
			name = Debug;
		};
		22314AE621C6E2DB00443AF3 /* Release */ = {
			isa = XCBuildConfiguration;
			buildSettings = {
				ALWAYS_EMBED_SWIFT_STANDARD_LIBRARIES = YES;
				BUNDLE_LOADER = "$(TEST_HOST)";
				CODE_SIGN_STYLE = Automatic;
				INFOPLIST_FILE = "LZW compression_algorithmTests/Info.plist";
				LD_RUNPATH_SEARCH_PATHS = "$(inherited) @executable_path/Frameworks @loader_path/Frameworks";
				PRODUCT_BUNDLE_IDENTIFIER = "-.LZW-compression-algorithmTests";
				PRODUCT_NAME = "$(TARGET_NAME)";
				SWIFT_VERSION = 4.0;
				TARGETED_DEVICE_FAMILY = "1,2";
				TEST_HOST = "$(BUILT_PRODUCTS_DIR)/LZW compression_algorithm.app/LZW compression_algorithm";
			};
			name = Release;
		};
/* End XCBuildConfiguration section */

/* Begin XCConfigurationList section */
		22314ABF21C6E2DB00443AF3 /* Build configuration list for PBXProject "LZW compression_algorithm" */ = {
			isa = XCConfigurationList;
			buildConfigurations = (
				22314ADF21C6E2DB00443AF3 /* Debug */,
				22314AE021C6E2DB00443AF3 /* Release */,
			);
			defaultConfigurationIsVisible = 0;
			defaultConfigurationName = Release;
		};
		22314AE121C6E2DB00443AF3 /* Build configuration list for PBXNativeTarget "LZW compression_algorithm" */ = {
			isa = XCConfigurationList;
			buildConfigurations = (
				22314AE221C6E2DB00443AF3 /* Debug */,
				22314AE321C6E2DB00443AF3 /* Release */,
			);
			defaultConfigurationIsVisible = 0;
			defaultConfigurationName = Release;
		};
		22314AE421C6E2DB00443AF3 /* Build configuration list for PBXNativeTarget "LZW compression_algorithmTests" */ = {
			isa = XCConfigurationList;
			buildConfigurations = (
				22314AE521C6E2DB00443AF3 /* Debug */,
				22314AE621C6E2DB00443AF3 /* Release */,
			);
			defaultConfigurationIsVisible = 0;
			defaultConfigurationName = Release;
		};
/* End XCConfigurationList section */
	};
	rootObject = 22314ABC21C6E2DB00443AF3 /* Project object */;
}
